# THIS IS AN AUTOGENERATED FILE. DO NOT EDIT THIS FILE DIRECTLY.
# yarn lockfile v1


liquidjs@^9.2.0:
  version "9.2.0"
  resolved "https://registry.yarnpkg.com/liquidjs/-/liquidjs-9.2.0.tgz#ebaa3ae2a6212db6c604016b9f6444a31bb6a368"
  integrity sha512-SYnS5SjZ9K+XrFmhpZhQdKurzzx+NG0kIznC764RzuNRbi/fxaizG46E7EGRdVUpinD8MpVX0nZ9YZyT5j5+3g==
